
Microsoft Visual Studio Solution File, Format Version 12.00
# Visual Studio Version 17
VisualStudioVersion = 17.13.35931.197 d17.13
MinimumVisualStudioVersion = 10.0.40219.1
Project("{FAE04EC0-301F-11D3-BF4B-00C04F79EFBC}") = "Main Method Assignment", "Main Method Assignment\Main Method Assignment.csproj", "{461202EB-A03D-450D-AB25-3273E963859E}"
EndProject
Global
	GlobalSection(SolutionConfigurationPlatforms) = preSolution
		Debug|Any CPU = Debug|Any CPU
		Release|Any CPU = Release|Any CPU
	EndGlobalSection
	GlobalSection(ProjectConfigurationPlatforms) = postSolution
		{461202EB-A03D-450D-AB25-3273E963859E}.Debug|Any CPU.ActiveCfg = Debug|Any CPU
		{461202EB-A03D-450D-AB25-3273E963859E}.Debug|Any CPU.Build.0 = Debug|Any CPU
		{461202EB-A03D-450D-AB25-3273E963859E}.Release|Any CPU.ActiveCfg = Release|Any CPU
		{461202EB-A03D-450D-AB25-3273E963859E}.Release|Any CPU.Build.0 = Release|Any CPU
	EndGlobalSection
	GlobalSection(SolutionProperties) = preSolution
		HideSolutionNode = FALSE
	EndGlobalSection
	GlobalSection(ExtensibilityGlobals) = postSolution
		SolutionGuid = {1769C0E2-53CD-4E8E-9BAA-D3FF4242A7DE}
	EndGlobalSection
EndGlobal
